# This file is autogenerated, do not edit; changes may be undone by the next 'dep ensure'.


[[projects]]
  branch = "master"
  name = "github.com/seungbemi/gofred"
  packages = ["."]
  revision = "1c67ae091ffe62ca983b9417db5a05d29a2b4bf9"

[[projects]]
  name = "gopkg.in/yaml.v2"
  packages = ["."]
  revision = "eb3733d160e74a9c7e442f435eb3bea458e1d19f"

[solve-meta]
  analyzer-name = "dep"
  analyzer-version = 1
  inputs-digest = "0f8a11911f59b8895e3ca9b73bf74f1e38eaf4b5408eae76f58893d9bf4392f8"
  solver-name = "gps-cdcl"
  solver-version = 1
